{
  "name": "douban_demo",
  "version": "0.1.0",
  "lockfileVersion": 1,
  "requires": true,
  "dependencies": {
    "vue-router": {
      "version": "3.4.8",
      "resolved": "https://registry.npm.taobao.org/vue-router/download/vue-router-3.4.8.tgz?cache=0&sync_timestamp=1603710544818&other_urls=https%3A%2F%2Fregistry.npm.taobao.org%2Fvue-router%2Fdownload%2Fvue-router-3.4.8.tgz",
      "integrity": "sha1-LAYmHTXYB1iTRwNS1C1wtih7gZQ="
    }
  }
}
